{
  "name": "forest-program",
  "version": "0.1.0",
  "lockfileVersion": 2,
  "requires": true,
  "packages": {
    "": {
      "name": "forest-program",
      "version": "0.1.0",
      "dependencies": {
        "animals-library": "file:../animals-library/animals-library-0.1.0.tgz"
      }
    },
    "node_modules/animals-library": {
      "version": "0.1.0",
      "resolved": "file:../animals-library/animals-library-0.1.0.tgz",
      "integrity": "sha512-La4anB4VsyEbz8eGzWm0zVm/q8uzVGZgJFHpMSNSneoXDD8FyA4EZHNK1OvrzRv8cPIjOqi6aFprm+83VPZh6Q=="
    }
  },
  "dependencies": {
    "animals-library": {
      "version": "file:../animals-library/animals-library-0.1.0.tgz",
      "integrity": "sha512-La4anB4VsyEbz8eGzWm0zVm/q8uzVGZgJFHpMSNSneoXDD8FyA4EZHNK1OvrzRv8cPIjOqi6aFprm+83VPZh6Q=="
    }
  }
}
