{
  "name": "forest-program",
  "version": "0.1.0",
  "lockfileVersion": 2,
  "requires": true,
  "packages": {
    "": {
      "name": "forest-program",
      "version": "0.1.0",
      "dependencies": {
        "animals-library": "file:../animals-library/animals-library-0.1.0.tgz"
      }
    },
    "node_modules/animals-library": {
      "version": "0.1.0",
      "resolved": "file:../animals-library/animals-library-0.1.0.tgz",
      "integrity": "sha512-zr4jNTQk6fK9dnsTva+4rjL9k4gQVDtTPU7KdeIlHrh9WWEjnyDZ58jd4qxWxGvFocUwLb27VjRlUJ6thBg9Lw=="
    }
  },
  "dependencies": {
    "animals-library": {
      "version": "file:../animals-library/animals-library-0.1.0.tgz",
      "integrity": "sha512-zr4jNTQk6fK9dnsTva+4rjL9k4gQVDtTPU7KdeIlHrh9WWEjnyDZ58jd4qxWxGvFocUwLb27VjRlUJ6thBg9Lw=="
    }
  }
}
