{
  "name": "forest-program",
  "version": "0.1.0",
  "lockfileVersion": 2,
  "requires": true,
  "packages": {
    "": {
      "name": "forest-program",
      "version": "0.1.0",
      "dependencies": {
        "animals-library": "file:../animals-library/animals-library-0.1.0.tgz"
      },
      "devDependencies": {
        "typescript": "^4.7.3"
      }
    },
    "node_modules/animals-library": {
      "version": "0.1.0",
      "resolved": "file:../animals-library/animals-library-0.1.0.tgz",
      "integrity": "sha512-FZXFzVuAHtpklGNrR8iixLsi08j+22ojwcbSz6k5B7jni2+S76aWcRpGh7ruenViirY9l8/SFCbMyc0j4L2/ew=="
    },
    "node_modules/typescript": {
      "version": "4.7.4",
      "resolved": "https://registry.npmjs.org/typescript/-/typescript-4.7.4.tgz",
      "integrity": "sha512-C0WQT0gezHuw6AdY1M2jxUO83Rjf0HP7Sk1DtXj6j1EwkQNZrHAg2XPWlq62oqEhYvONq5pkC2Y9oPljWToLmQ==",
      "dev": true,
      "bin": {
        "tsc": "bin/tsc",
        "tsserver": "bin/tsserver"
      },
      "engines": {
        "node": ">=4.2.0"
      }
    }
  },
  "dependencies": {
    "animals-library": {
      "version": "file:../animals-library/animals-library-0.1.0.tgz",
      "integrity": "sha512-FZXFzVuAHtpklGNrR8iixLsi08j+22ojwcbSz6k5B7jni2+S76aWcRpGh7ruenViirY9l8/SFCbMyc0j4L2/ew=="
    },
    "typescript": {
      "version": "4.7.4",
      "resolved": "https://registry.npmjs.org/typescript/-/typescript-4.7.4.tgz",
      "integrity": "sha512-C0WQT0gezHuw6AdY1M2jxUO83Rjf0HP7Sk1DtXj6j1EwkQNZrHAg2XPWlq62oqEhYvONq5pkC2Y9oPljWToLmQ==",
      "dev": true
    }
  }
}
