{
  "name": "forest-program",
  "lockfileVersion": 2,
  "requires": true,
  "packages": {
    "": {
      "name": "forest-program",
      "dependencies": {
        "@dgroomes/animals-library": "file:../animals-library/dgroomes-animals-library-0.1.0.tgz"
      },
      "devDependencies": {
        "typescript": "^4.7.4"
      }
    },
    "node_modules/@dgroomes/animals-library": {
      "version": "0.1.0",
      "resolved": "file:../animals-library/dgroomes-animals-library-0.1.0.tgz",
      "integrity": "sha512-jUaE4iGdot2eeltrI42tpUuvViiLQZUTar2Ca/t3gztvh42Q9dtbmFLff9vtyvyHCwHvDWMnOakcxjJHCwKw/A==",
      "workspaces": [
        "animal-lister",
        "animal-names"
      ]
    },
    "node_modules/typescript": {
      "version": "4.7.4",
      "resolved": "https://registry.npmjs.org/typescript/-/typescript-4.7.4.tgz",
      "integrity": "sha512-C0WQT0gezHuw6AdY1M2jxUO83Rjf0HP7Sk1DtXj6j1EwkQNZrHAg2XPWlq62oqEhYvONq5pkC2Y9oPljWToLmQ==",
      "dev": true,
      "bin": {
        "tsc": "bin/tsc",
        "tsserver": "bin/tsserver"
      },
      "engines": {
        "node": ">=4.2.0"
      }
    }
  },
  "dependencies": {
    "@dgroomes/animals-library": {
      "version": "file:../animals-library/dgroomes-animals-library-0.1.0.tgz",
      "integrity": "sha512-jUaE4iGdot2eeltrI42tpUuvViiLQZUTar2Ca/t3gztvh42Q9dtbmFLff9vtyvyHCwHvDWMnOakcxjJHCwKw/A=="
    },
    "typescript": {
      "version": "4.7.4",
      "resolved": "https://registry.npmjs.org/typescript/-/typescript-4.7.4.tgz",
      "integrity": "sha512-C0WQT0gezHuw6AdY1M2jxUO83Rjf0HP7Sk1DtXj6j1EwkQNZrHAg2XPWlq62oqEhYvONq5pkC2Y9oPljWToLmQ==",
      "dev": true
    }
  }
}
