{
  "name": "forest-program",
  "lockfileVersion": 2,
  "requires": true,
  "packages": {
    "": {
      "name": "forest-program",
      "dependencies": {
        "@dgroomes/animal-lister": "file:../animals-library/animal-lister/dgroomes-animal-lister-0.1.0.tgz"
      },
      "devDependencies": {
        "typescript": "^4.7.4"
      }
    },
    "node_modules/@dgroomes/animal-lister": {
      "version": "0.1.0",
      "resolved": "file:../animals-library/animal-lister/dgroomes-animal-lister-0.1.0.tgz",
      "integrity": "sha512-awsBoMcjdVDHomVNUiR3L6X/7fLLKjS2kcagVsxTh52x4Lbsl/8BDYPENhHc4U5fk0RRsNawUbw8WXayOJcKIg=="
    },
    "node_modules/typescript": {
      "version": "4.7.4",
      "resolved": "https://registry.npmjs.org/typescript/-/typescript-4.7.4.tgz",
      "integrity": "sha512-C0WQT0gezHuw6AdY1M2jxUO83Rjf0HP7Sk1DtXj6j1EwkQNZrHAg2XPWlq62oqEhYvONq5pkC2Y9oPljWToLmQ==",
      "dev": true,
      "bin": {
        "tsc": "bin/tsc",
        "tsserver": "bin/tsserver"
      },
      "engines": {
        "node": ">=4.2.0"
      }
    }
  },
  "dependencies": {
    "@dgroomes/animal-lister": {
      "version": "file:../animals-library/animal-lister/dgroomes-animal-lister-0.1.0.tgz",
      "integrity": "sha512-awsBoMcjdVDHomVNUiR3L6X/7fLLKjS2kcagVsxTh52x4Lbsl/8BDYPENhHc4U5fk0RRsNawUbw8WXayOJcKIg=="
    },
    "typescript": {
      "version": "4.7.4",
      "resolved": "https://registry.npmjs.org/typescript/-/typescript-4.7.4.tgz",
      "integrity": "sha512-C0WQT0gezHuw6AdY1M2jxUO83Rjf0HP7Sk1DtXj6j1EwkQNZrHAg2XPWlq62oqEhYvONq5pkC2Y9oPljWToLmQ==",
      "dev": true
    }
  }
}
