{
  "name": "javascript-playground-console",
  "version": "1.0.0",
  "lockfileVersion": 2,
  "requires": true,
  "packages": {
    "": {
      "name": "javascript-playground-console",
      "version": "1.0.0",
      "license": "UNLICENSED",
      "dependencies": {
        "draftlog": "^1.0.13"
      }
    },
    "node_modules/draftlog": {
      "version": "1.0.13",
      "resolved": "https://registry.npmjs.org/draftlog/-/draftlog-1.0.13.tgz",
      "integrity": "sha512-GeMWOpXERBpfVDK6v7m0x1hPg8+g8ZsZWqJl2T17wHqrm4h8fnjiZmXcnCrmwogAc6R3YTxFXax15wezfuyCUw=="
    }
  },
  "dependencies": {
    "draftlog": {
      "version": "1.0.13",
      "resolved": "https://registry.npmjs.org/draftlog/-/draftlog-1.0.13.tgz",
      "integrity": "sha512-GeMWOpXERBpfVDK6v7m0x1hPg8+g8ZsZWqJl2T17wHqrm4h8fnjiZmXcnCrmwogAc6R3YTxFXax15wezfuyCUw=="
    }
  }
}
